// !$*UTF8*$!
{
	archiveVersion = 1;
	classes = {
	};
	objectVersion = 50;
	objects = {

/* Begin PBXBuildFile section */
		ADEE49F420D7BC64008EF022 /* AppDelegate.swift in Sources */ = {isa = PBXBuildFile; fileRef = ADEE49F320D7BC64008EF022 /* AppDelegate.swift */; };
		ADEE49F620D7BC64008EF022 /* ViewController.swift in Sources */ = {isa = PBXBuildFile; fileRef = ADEE49F520D7BC64008EF022 /* ViewController.swift */; };
		ADEE49F920D7BC64008EF022 /* Main.storyboard in Resources */ = {isa = PBXBuildFile; fileRef = ADEE49F720D7BC64008EF022 /* Main.storyboard */; };
		ADEE49FB20D7BC67008EF022 /* Assets.xcassets in Resources */ = {isa = PBXBuildFile; fileRef = ADEE49FA20D7BC67008EF022 /* Assets.xcassets */; };
		ADEE49FE20D7BC67008EF022 /* LaunchScreen.storyboard in Resources */ = {isa = PBXBuildFile; fileRef = ADEE49FC20D7BC67008EF022 /* LaunchScreen.storyboard */; };
		ADEE4A0920D7BC67008EF022 /* counterappTests.swift in Sources */ = {isa = PBXBuildFile; fileRef = ADEE4A0820D7BC67008EF022 /* counterappTests.swift */; };
		ADEE4A1420D7BC67008EF022 /* counterappUITests.swift in Sources */ = {isa = PBXBuildFile; fileRef = ADEE4A1320D7BC67008EF022 /* counterappUITests.swift */; };
/* End PBXBuildFile section */

/* Begin PBXContainerItemProxy section */
		ADEE4A0520D7BC67008EF022 /* PBXContainerItemProxy */ = {
			isa = PBXContainerItemProxy;
			containerPortal = ADEE49E820D7BC64008EF022 /* Project object */;
			proxyType = 1;
			remoteGlobalIDString = ADEE49EF20D7BC64008EF022;
			remoteInfo = counterapp;
		};
		ADEE4A1020D7BC67008EF022 /* PBXContainerItemProxy */ = {
			isa = PBXContainerItemProxy;
			containerPortal = ADEE49E820D7BC64008EF022 /* Project object */;
			proxyType = 1;
			remoteGlobalIDString = ADEE49EF20D7BC64008EF022;
			remoteInfo = counterapp;
		};
/* End PBXContainerItemProxy section */

/* Begin PBXFileReference section */
		ADEE49F020D7BC64008EF022 /* counterapp.app */ = {isa = PBXFileReference; explicitFileType = wrapper.application; includeInIndex = 0; path = counterapp.app; sourceTree = BUILT_PRODUCTS_DIR; };
		ADEE49F320D7BC64008EF022 /* AppDelegate.swift */ = {isa = PBXFileReference; lastKnownFileType = sourcecode.swift; path = AppDelegate.swift; sourceTree = "<group>"; };
		ADEE49F520D7BC64008EF022 /* ViewController.swift */ = {isa = PBXFileReference; lastKnownFileType = sourcecode.swift; path = ViewController.swift; sourceTree = "<group>"; };
		ADEE49F820D7BC64008EF022 /* Base */ = {isa = PBXFileReference; lastKnownFileType = file.storyboard; name = Base; path = Base.lproj/Main.storyboard; sourceTree = "<group>"; };
		ADEE49FA20D7BC67008EF022 /* Assets.xcassets */ = {isa = PBXFileReference; lastKnownFileType = folder.assetcatalog; path = Assets.xcassets; sourceTree = "<group>"; };
		ADEE49FD20D7BC67008EF022 /* Base */ = {isa = PBXFileReference; lastKnownFileType = file.storyboard; name = Base; path = Base.lproj/LaunchScreen.storyboard; sourceTree = "<group>"; };
		ADEE49FF20D7BC67008EF022 /* Info.plist */ = {isa = PBXFileReference; lastKnownFileType = text.plist.xml; path = Info.plist; sourceTree = "<group>"; };
		ADEE4A0420D7BC67008EF022 /* counterappTests.xctest */ = {isa = PBXFileReference; explicitFileType = wrapper.cfbundle; includeInIndex = 0; path = counterappTests.xctest; sourceTree = BUILT_PRODUCTS_DIR; };
		ADEE4A0820D7BC67008EF022 /* counterappTests.swift */ = {isa = PBXFileReference; lastKnownFileType = sourcecode.swift; path = counterappTests.swift; sourceTree = "<group>"; };
		ADEE4A0A20D7BC67008EF022 /* Info.plist */ = {isa = PBXFileReference; lastKnownFileType = text.plist.xml; path = Info.plist; sourceTree = "<group>"; };
		ADEE4A0F20D7BC67008EF022 /* counterappUITests.xctest */ = {isa = PBXFileReference; explicitFileType = wrapper.cfbundle; includeInIndex = 0; path = counterappUITests.xctest; sourceTree = BUILT_PRODUCTS_DIR; };
		ADEE4A1320D7BC67008EF022 /* counterappUITests.swift */ = {isa = PBXFileReference; lastKnownFileType = sourcecode.swift; path = counterappUITests.swift; sourceTree = "<group>"; };
		ADEE4A1520D7BC67008EF022 /* Info.plist */ = {isa = PBXFileReference; lastKnownFileType = text.plist.xml; path = Info.plist; sourceTree = "<group>"; };
/* End PBXFileReference section */

/* Begin PBXFrameworksBuildPhase section */
		ADEE49ED20D7BC64008EF022 /* Frameworks */ = {
			isa = PBXFrameworksBuildPhase;
			buildActionMask = 2147483647;
			files = (
			);
			runOnlyForDeploymentPostprocessing = 0;
		};
		ADEE4A0120D7BC67008EF022 /* Frameworks */ = {
			isa = PBXFrameworksBuildPhase;
			buildActionMask = 2147483647;
			files = (
			);
			runOnlyForDeploymentPostprocessing = 0;
		};
		ADEE4A0C20D7BC67008EF022 /* Frameworks */ = {
			isa = PBXFrameworksBuildPhase;
			buildActionMask = 2147483647;
			files = (
			);
			runOnlyForDeploymentPostprocessing = 0;
		};
/* End PBXFrameworksBuildPhase section */

/* Begin PBXGroup section */
		ADEE49E720D7BC64008EF022 = {
			isa = PBXGroup;
			children = (
				ADEE49F220D7BC64008EF022 /* counterapp */,
				ADEE4A0720D7BC67008EF022 /* counterappTests */,
				ADEE4A1220D7BC67008EF022 /* counterappUITests */,
				ADEE49F120D7BC64008EF022 /* Products */,
			);
			sourceTree = "<group>";
		};
		ADEE49F120D7BC64008EF022 /* Products */ = {
			isa = PBXGroup;
			children = (
				ADEE49F020D7BC64008EF022 /* counterapp.app */,
				ADEE4A0420D7BC67008EF022 /* counterappTests.xctest */,
				ADEE4A0F20D7BC67008EF022 /* counterappUITests.xctest */,
			);
			name = Products;
			sourceTree = "<group>";
		};
		ADEE49F220D7BC64008EF022 /* counterapp */ = {
			isa = PBXGroup;
			children = (
				ADEE49F320D7BC64008EF022 /* AppDelegate.swift */,
				ADEE49F520D7BC64008EF022 /* ViewController.swift */,
				ADEE49F720D7BC64008EF022 /* Main.storyboard */,
				ADEE49FA20D7BC67008EF022 /* Assets.xcassets */,
				ADEE49FC20D7BC67008EF022 /* LaunchScreen.storyboard */,
				ADEE49FF20D7BC67008EF022 /* Info.plist */,
			);
			path = counterapp;
			sourceTree = "<group>";
		};
		ADEE4A0720D7BC67008EF022 /* counterappTests */ = {
			isa = PBXGroup;
			children = (
				ADEE4A0820D7BC67008EF022 /* counterappTests.swift */,
				ADEE4A0A20D7BC67008EF022 /* Info.plist */,
			);
			path = counterappTests;
			sourceTree = "<group>";
		};
		ADEE4A1220D7BC67008EF022 /* counterappUITests */ = {
			isa = PBXGroup;
			children = (
				ADEE4A1320D7BC67008EF022 /* counterappUITests.swift */,
				ADEE4A1520D7BC67008EF022 /* Info.plist */,
			);
			path = counterappUITests;
			sourceTree = "<group>";
		};
/* End PBXGroup section */

/* Begin PBXNativeTarget section */
		ADEE49EF20D7BC64008EF022 /* counterapp */ = {
			isa = PBXNativeTarget;
			buildConfigurationList = ADEE4A1820D7BC67008EF022 /* Build configuration list for PBXNativeTarget "counterapp" */;
			buildPhases = (
				ADEE49EC20D7BC64008EF022 /* Sources */,
				ADEE49ED20D7BC64008EF022 /* Frameworks */,
				ADEE49EE20D7BC64008EF022 /* Resources */,
			);
			buildRules = (
			);
			dependencies = (
			);
			name = counterapp;
			productName = counterapp;
			productReference = ADEE49F020D7BC64008EF022 /* counterapp.app */;
			productType = "com.apple.product-type.application";
		};
		ADEE4A0320D7BC67008EF022 /* counterappTests */ = {
			isa = PBXNativeTarget;
			buildConfigurationList = ADEE4A1B20D7BC67008EF022 /* Build configuration list for PBXNativeTarget "counterappTests" */;
			buildPhases = (
				ADEE4A0020D7BC67008EF022 /* Sources */,
				ADEE4A0120D7BC67008EF022 /* Frameworks */,
				ADEE4A0220D7BC67008EF022 /* Resources */,
			);
			buildRules = (
			);
			dependencies = (
				ADEE4A0620D7BC67008EF022 /* PBXTargetDependency */,
			);
			name = counterappTests;
			productName = counterappTests;
			productReference = ADEE4A0420D7BC67008EF022 /* counterappTests.xctest */;
			productType = "com.apple.product-type.bundle.unit-test";
		};
		ADEE4A0E20D7BC67008EF022 /* counterappUITests */ = {
			isa = PBXNativeTarget;
			buildConfigurationList = ADEE4A1E20D7BC67008EF022 /* Build configuration list for PBXNativeTarget "counterappUITests" */;
			buildPhases = (
				ADEE4A0B20D7BC67008EF022 /* Sources */,
				ADEE4A0C20D7BC67008EF022 /* Frameworks */,
				ADEE4A0D20D7BC67008EF022 /* Resources */,
			);
			buildRules = (
			);
			dependencies = (
				ADEE4A1120D7BC67008EF022 /* PBXTargetDependency */,
			);
			name = counterappUITests;
			productName = counterappUITests;
			productReference = ADEE4A0F20D7BC67008EF022 /* counterappUITests.xctest */;
			productType = "com.apple.product-type.bundle.ui-testing";
		};
/* End PBXNativeTarget section */

/* Begin PBXProject section */
		ADEE49E820D7BC64008EF022 /* Project object */ = {
			isa = PBXProject;
			attributes = {
				LastSwiftUpdateCheck = 1000;
				LastUpgradeCheck = 1000;
				ORGANIZATIONNAME = Ezoom;
				TargetAttributes = {
					ADEE49EF20D7BC64008EF022 = {
						CreatedOnToolsVersion = 10.0;
					};
					ADEE4A0320D7BC67008EF022 = {
						CreatedOnToolsVersion = 10.0;
						TestTargetID = ADEE49EF20D7BC64008EF022;
					};
					ADEE4A0E20D7BC67008EF022 = {
						CreatedOnToolsVersion = 10.0;
						TestTargetID = ADEE49EF20D7BC64008EF022;
					};
				};
			};
			buildConfigurationList = ADEE49EB20D7BC64008EF022 /* Build configuration list for PBXProject "counterapp" */;
			compatibilityVersion = "Xcode 9.3";
			developmentRegion = en;
			hasScannedForEncodings = 0;
			knownRegions = (
				en,
				Base,
			);
			mainGroup = ADEE49E720D7BC64008EF022;
			productRefGroup = ADEE49F120D7BC64008EF022 /* Products */;
			projectDirPath = "";
			projectRoot = "";
			targets = (
				ADEE49EF20D7BC64008EF022 /* counterapp */,
				ADEE4A0320D7BC67008EF022 /* counterappTests */,
				ADEE4A0E20D7BC67008EF022 /* counterappUITests */,
			);
		};
/* End PBXProject section */

/* Begin PBXResourcesBuildPhase section */
		ADEE49EE20D7BC64008EF022 /* Resources */ = {
			isa = PBXResourcesBuildPhase;
			buildActionMask = 2147483647;
			files = (
				ADEE49FE20D7BC67008EF022 /* LaunchScreen.storyboard in Resources */,
				ADEE49FB20D7BC67008EF022 /* Assets.xcassets in Resources */,
				ADEE49F920D7BC64008EF022 /* Main.storyboard in Resources */,
			);
			runOnlyForDeploymentPostprocessing = 0;
		};
		ADEE4A0220D7BC67008EF022 /* Resources */ = {
			isa = PBXResourcesBuildPhase;
			buildActionMask = 2147483647;
			files = (
			);
			runOnlyForDeploymentPostprocessing = 0;
		};
		ADEE4A0D20D7BC67008EF022 /* Resources */ = {
			isa = PBXResourcesBuildPhase;
			buildActionMask = 2147483647;
			files = (
			);
			runOnlyForDeploymentPostprocessing = 0;
		};
/* End PBXResourcesBuildPhase section */

/* Begin PBXSourcesBuildPhase section */
		ADEE49EC20D7BC64008EF022 /* Sources */ = {
			isa = PBXSourcesBuildPhase;
			buildActionMask = 2147483647;
			files = (
				ADEE49F620D7BC64008EF022 /* ViewController.swift in Sources */,
				ADEE49F420D7BC64008EF022 /* AppDelegate.swift in Sources */,
			);
			runOnlyForDeploymentPostprocessing = 0;
		};
		ADEE4A0020D7BC67008EF022 /* Sources */ = {
			isa = PBXSourcesBuildPhase;
			buildActionMask = 2147483647;
			files = (
				ADEE4A0920D7BC67008EF022 /* counterappTests.swift in Sources */,
			);
			runOnlyForDeploymentPostprocessing = 0;
		};
		ADEE4A0B20D7BC67008EF022 /* Sources */ = {
			isa = PBXSourcesBuildPhase;
			buildActionMask = 2147483647;
			files = (
				ADEE4A1420D7BC67008EF022 /* counterappUITests.swift in Sources */,
			);
			runOnlyForDeploymentPostprocessing = 0;
		};
/* End PBXSourcesBuildPhase section */

/* Begin PBXTargetDependency section */
		ADEE4A0620D7BC67008EF022 /* PBXTargetDependency */ = {
			isa = PBXTargetDependency;
			target = ADEE49EF20D7BC64008EF022 /* counterapp */;
			targetProxy = ADEE4A0520D7BC67008EF022 /* PBXContainerItemProxy */;
		};
		ADEE4A1120D7BC67008EF022 /* PBXTargetDependency */ = {
			isa = PBXTargetDependency;
			target = ADEE49EF20D7BC64008EF022 /* counterapp */;
			targetProxy = ADEE4A1020D7BC67008EF022 /* PBXContainerItemProxy */;
		};
/* End PBXTargetDependency section */

/* Begin PBXVariantGroup section */
		ADEE49F720D7BC64008EF022 /* Main.storyboard */ = {
			isa = PBXVariantGroup;
			children = (
				ADEE49F820D7BC64008EF022 /* Base */,
			);
			name = Main.storyboard;
			sourceTree = "<group>";
		};
		ADEE49FC20D7BC67008EF022 /* LaunchScreen.storyboard */ = {
			isa = PBXVariantGroup;
			children = (
				ADEE49FD20D7BC67008EF022 /* Base */,
			);
			name = LaunchScreen.storyboard;
			sourceTree = "<group>";
		};
/* End PBXVariantGroup section */

/* Begin XCBuildConfiguration section */
		ADEE4A1620D7BC67008EF022 /* Debug */ = {
			isa = XCBuildConfiguration;
			buildSettings = {
				ALWAYS_SEARCH_USER_PATHS = NO;
				CLANG_ANALYZER_NONNULL = YES;
				CLANG_ANALYZER_NUMBER_OBJECT_CONVERSION = YES_AGGRESSIVE;
				CLANG_CXX_LANGUAGE_STANDARD = "gnu++14";
				CLANG_CXX_LIBRARY = "libc++";
				CLANG_ENABLE_MODULES = YES;
				CLANG_ENABLE_OBJC_ARC = YES;
				CLANG_ENABLE_OBJC_WEAK = YES;
				CLANG_WARN_BLOCK_CAPTURE_AUTORELEASING = YES;
				CLANG_WARN_BOOL_CONVERSION = YES;
				CLANG_WARN_COMMA = YES;
				CLANG_WARN_CONSTANT_CONVERSION = YES;
				CLANG_WARN_DEPRECATED_OBJC_IMPLEMENTATIONS = YES;
				CLANG_WARN_DIRECT_OBJC_ISA_USAGE = YES_ERROR;
				CLANG_WARN_DOCUMENTATION_COMMENTS = YES;
				CLANG_WARN_EMPTY_BODY = YES;
				CLANG_WARN_ENUM_CONVERSION = YES;
				CLANG_WARN_INFINITE_RECURSION = YES;
				CLANG_WARN_INT_CONVERSION = YES;
				CLANG_WARN_NON_LITERAL_NULL_CONVERSION = YES;
				CLANG_WARN_OBJC_IMPLICIT_RETAIN_SELF = YES;
				CLANG_WARN_OBJC_LITERAL_CONVERSION = YES;
				CLANG_WARN_OBJC_ROOT_CLASS = YES_ERROR;
				CLANG_WARN_RANGE_LOOP_ANALYSIS = YES;
				CLANG_WARN_STRICT_PROTOTYPES = YES;
				CLANG_WARN_SUSPICIOUS_MOVE = YES;
				CLANG_WARN_UNGUARDED_AVAILABILITY = YES_AGGRESSIVE;
				CLANG_WARN_UNREACHABLE_CODE = YES;
				CLANG_WARN__DUPLICATE_METHOD_MATCH = YES;
				CODE_SIGN_IDENTITY = "iPhone Developer";
				COPY_PHASE_STRIP = NO;
				DEBUG_INFORMATION_FORMAT = dwarf;
				ENABLE_STRICT_OBJC_MSGSEND = YES;
				ENABLE_TESTABILITY = YES;
				GCC_C_LANGUAGE_STANDARD = gnu11;
				GCC_DYNAMIC_NO_PIC = NO;
				GCC_NO_COMMON_BLOCKS = YES;
				GCC_OPTIMIZATION_LEVEL = 0;
				GCC_PREPROCESSOR_DEFINITIONS = (
					"DEBUG=1",
					"$(inherited)",
				);
				GCC_WARN_64_TO_32_BIT_CONVERSION = YES;
				GCC_WARN_ABOUT_RETURN_TYPE = YES_ERROR;
				GCC_WARN_UNDECLARED_SELECTOR = YES;
				GCC_WARN_UNINITIALIZED_AUTOS = YES_AGGRESSIVE;
				GCC_WARN_UNUSED_FUNCTION = YES;
				GCC_WARN_UNUSED_VARIABLE = YES;
				IPHONEOS_DEPLOYMENT_TARGET = 12.0;
				MTL_ENABLE_DEBUG_INFO = INCLUDE_SOURCE;
				ONLY_ACTIVE_ARCH = YES;
				SDKROOT = iphoneos;
				SWIFT_ACTIVE_COMPILATION_CONDITIONS = DEBUG;
				SWIFT_OPTIMIZATION_LEVEL = "-Onone";
			};
			name = Debug;
		};
		ADEE4A1720D7BC67008EF022 /* Release */ = {
			isa = XCBuildConfiguration;
			buildSettings = {
				ALWAYS_SEARCH_USER_PATHS = NO;
				CLANG_ANALYZER_NONNULL = YES;
				CLANG_ANALYZER_NUMBER_OBJECT_CONVERSION = YES_AGGRESSIVE;
				CLANG_CXX_LANGUAGE_STANDARD = "gnu++14";
				CLANG_CXX_LIBRARY = "libc++";
				CLANG_ENABLE_MODULES = YES;
				CLANG_ENABLE_OBJC_ARC = YES;
				CLANG_ENABLE_OBJC_WEAK = YES;
				CLANG_WARN_BLOCK_CAPTURE_AUTORELEASING = YES;
				CLANG_WARN_BOOL_CONVERSION = YES;
				CLANG_WARN_COMMA = YES;
				CLANG_WARN_CONSTANT_CONVERSION = YES;
				CLANG_WARN_DEPRECATED_OBJC_IMPLEMENTATIONS = YES;
				CLANG_WARN_DIRECT_OBJC_ISA_USAGE = YES_ERROR;
				CLANG_WARN_DOCUMENTATION_COMMENTS = YES;
				CLANG_WARN_EMPTY_BODY = YES;
				CLANG_WARN_ENUM_CONVERSION = YES;
				CLANG_WARN_INFINITE_RECURSION = YES;
				CLANG_WARN_INT_CONVERSION = YES;
				CLANG_WARN_NON_LITERAL_NULL_CONVERSION = YES;
				CLANG_WARN_OBJC_IMPLICIT_RETAIN_SELF = YES;
				CLANG_WARN_OBJC_LITERAL_CONVERSION = YES;
				CLANG_WARN_OBJC_ROOT_CLASS = YES_ERROR;
				CLANG_WARN_RANGE_LOOP_ANALYSIS = YES;
				CLANG_WARN_STRICT_PROTOTYPES = YES;
				CLANG_WARN_SUSPICIOUS_MOVE = YES;
				CLANG_WARN_UNGUARDED_AVAILABILITY = YES_AGGRESSIVE;
				CLANG_WARN_UNREACHABLE_CODE = YES;
				CLANG_WARN__DUPLICATE_METHOD_MATCH = YES;
				CODE_SIGN_IDENTITY = "iPhone Developer";
				COPY_PHASE_STRIP = NO;
				DEBUG_INFORMATION_FORMAT = "dwarf-with-dsym";
				ENABLE_NS_ASSERTIONS = NO;
				ENABLE_STRICT_OBJC_MSGSEND = YES;
				GCC_C_LANGUAGE_STANDARD = gnu11;
				GCC_NO_COMMON_BLOCKS = YES;
				GCC_WARN_64_TO_32_BIT_CONVERSION = YES;
				GCC_WARN_ABOUT_RETURN_TYPE = YES_ERROR;
				GCC_WARN_UNDECLARED_SELECTOR = YES;
				GCC_WARN_UNINITIALIZED_AUTOS = YES_AGGRESSIVE;
				GCC_WARN_UNUSED_FUNCTION = YES;
				GCC_WARN_UNUSED_VARIABLE = YES;
				IPHONEOS_DEPLOYMENT_TARGET = 12.0;
				MTL_ENABLE_DEBUG_INFO = NO;
				SDKROOT = iphoneos;
				SWIFT_COMPILATION_MODE = wholemodule;
				SWIFT_OPTIMIZATION_LEVEL = "-O";
				VALIDATE_PRODUCT = YES;
			};
			name = Release;
		};
		ADEE4A1920D7BC67008EF022 /* Debug */ = {
			isa = XCBuildConfiguration;
			buildSettings = {
				ASSETCATALOG_COMPILER_APPICON_NAME = AppIcon;
				CODE_SIGN_STYLE = Automatic;
				DEVELOPMENT_TEAM = 4W7V7V725Y;
				INFOPLIST_FILE = counterapp/Info.plist;
				LD_RUNPATH_SEARCH_PATHS = (
					"$(inherited)",
					"@executable_path/Frameworks",
				);
				PRODUCT_BUNDLE_IDENTIFIER = br.com.ezoom.counterapp;
				PRODUCT_NAME = "$(TARGET_NAME)";
				SWIFT_VERSION = 4.2;
				TARGETED_DEVICE_FAMILY = "1,2";
			};
			name = Debug;
		};
		ADEE4A1A20D7BC67008EF022 /* Release */ = {
			isa = XCBuildConfiguration;
			buildSettings = {
				ASSETCATALOG_COMPILER_APPICON_NAME = AppIcon;
				CODE_SIGN_STYLE = Automatic;
				DEVELOPMENT_TEAM = 4W7V7V725Y;
				INFOPLIST_FILE = counterapp/Info.plist;
				LD_RUNPATH_SEARCH_PATHS = (
					"$(inherited)",
					"@executable_path/Frameworks",
				);
				PRODUCT_BUNDLE_IDENTIFIER = br.com.ezoom.counterapp;
				PRODUCT_NAME = "$(TARGET_NAME)";
				SWIFT_VERSION = 4.2;
				TARGETED_DEVICE_FAMILY = "1,2";
			};
			name = Release;
		};
		ADEE4A1C20D7BC67008EF022 /* Debug */ = {
			isa = XCBuildConfiguration;
			buildSettings = {
				ALWAYS_EMBED_SWIFT_STANDARD_LIBRARIES = YES;
				BUNDLE_LOADER = "$(TEST_HOST)";
				CODE_SIGN_STYLE = Automatic;
				DEVELOPMENT_TEAM = 4W7V7V725Y;
				INFOPLIST_FILE = counterappTests/Info.plist;
				LD_RUNPATH_SEARCH_PATHS = (
					"$(inherited)",
					"@executable_path/Frameworks",
					"@loader_path/Frameworks",
				);
				PRODUCT_BUNDLE_IDENTIFIER = br.com.ezoom.counterappTests;
				PRODUCT_NAME = "$(TARGET_NAME)";
				SWIFT_VERSION = 4.2;
				TARGETED_DEVICE_FAMILY = "1,2";
				TEST_HOST = "$(BUILT_PRODUCTS_DIR)/counterapp.app/counterapp";
			};
			name = Debug;
		};
		ADEE4A1D20D7BC67008EF022 /* Release */ = {
			isa = XCBuildConfiguration;
			buildSettings = {
				ALWAYS_EMBED_SWIFT_STANDARD_LIBRARIES = YES;
				BUNDLE_LOADER = "$(TEST_HOST)";
				CODE_SIGN_STYLE = Automatic;
				DEVELOPMENT_TEAM = 4W7V7V725Y;
				INFOPLIST_FILE = counterappTests/Info.plist;
				LD_RUNPATH_SEARCH_PATHS = (
					"$(inherited)",
					"@executable_path/Frameworks",
					"@loader_path/Frameworks",
				);
				PRODUCT_BUNDLE_IDENTIFIER = br.com.ezoom.counterappTests;
				PRODUCT_NAME = "$(TARGET_NAME)";
				SWIFT_VERSION = 4.2;
				TARGETED_DEVICE_FAMILY = "1,2";
				TEST_HOST = "$(BUILT_PRODUCTS_DIR)/counterapp.app/counterapp";
			};
			name = Release;
		};
		ADEE4A1F20D7BC67008EF022 /* Debug */ = {
			isa = XCBuildConfiguration;
			buildSettings = {
				ALWAYS_EMBED_SWIFT_STANDARD_LIBRARIES = YES;
				CODE_SIGN_STYLE = Automatic;
				DEVELOPMENT_TEAM = 4W7V7V725Y;
				INFOPLIST_FILE = counterappUITests/Info.plist;
				LD_RUNPATH_SEARCH_PATHS = (
					"$(inherited)",
					"@executable_path/Frameworks",
					"@loader_path/Frameworks",
				);
				PRODUCT_BUNDLE_IDENTIFIER = br.com.ezoom.counterappUITests;
				PRODUCT_NAME = "$(TARGET_NAME)";
				SWIFT_VERSION = 4.2;
				TARGETED_DEVICE_FAMILY = "1,2";
				TEST_TARGET_NAME = counterapp;
			};
			name = Debug;
		};
		ADEE4A2020D7BC67008EF022 /* Release */ = {
			isa = XCBuildConfiguration;
			buildSettings = {
				ALWAYS_EMBED_SWIFT_STANDARD_LIBRARIES = YES;
				CODE_SIGN_STYLE = Automatic;
				DEVELOPMENT_TEAM = 4W7V7V725Y;
				INFOPLIST_FILE = counterappUITests/Info.plist;
				LD_RUNPATH_SEARCH_PATHS = (
					"$(inherited)",
					"@executable_path/Frameworks",
					"@loader_path/Frameworks",
				);
				PRODUCT_BUNDLE_IDENTIFIER = br.com.ezoom.counterappUITests;
				PRODUCT_NAME = "$(TARGET_NAME)";
				SWIFT_VERSION = 4.2;
				TARGETED_DEVICE_FAMILY = "1,2";
				TEST_TARGET_NAME = counterapp;
			};
			name = Release;
		};
/* End XCBuildConfiguration section */

/* Begin XCConfigurationList section */
		ADEE49EB20D7BC64008EF022 /* Build configuration list for PBXProject "counterapp" */ = {
			isa = XCConfigurationList;
			buildConfigurations = (
				ADEE4A1620D7BC67008EF022 /* Debug */,
				ADEE4A1720D7BC67008EF022 /* Release */,
			);
			defaultConfigurationIsVisible = 0;
			defaultConfigurationName = Release;
		};
		ADEE4A1820D7BC67008EF022 /* Build configuration list for PBXNativeTarget "counterapp" */ = {
			isa = XCConfigurationList;
			buildConfigurations = (
				ADEE4A1920D7BC67008EF022 /* Debug */,
				ADEE4A1A20D7BC67008EF022 /* Release */,
			);
			defaultConfigurationIsVisible = 0;
			defaultConfigurationName = Release;
		};
		ADEE4A1B20D7BC67008EF022 /* Build configuration list for PBXNativeTarget "counterappTests" */ = {
			isa = XCConfigurationList;
			buildConfigurations = (
				ADEE4A1C20D7BC67008EF022 /* Debug */,
				ADEE4A1D20D7BC67008EF022 /* Release */,
			);
			defaultConfigurationIsVisible = 0;
			defaultConfigurationName = Release;
		};
		ADEE4A1E20D7BC67008EF022 /* Build configuration list for PBXNativeTarget "counterappUITests" */ = {
			isa = XCConfigurationList;
			buildConfigurations = (
				ADEE4A1F20D7BC67008EF022 /* Debug */,
				ADEE4A2020D7BC67008EF022 /* Release */,
			);
			defaultConfigurationIsVisible = 0;
			defaultConfigurationName = Release;
		};
/* End XCConfigurationList section */
	};
	rootObject = ADEE49E820D7BC64008EF022 /* Project object */;
}
